
Microsoft Visual Studio Solution File, Format Version 12.00
# Visual Studio Version 16
VisualStudioVersion = 16.0.30804.86
MinimumVisualStudioVersion = 10.0.40219.1
Project("{9A19103F-16F7-4668-BE54-9A1E7A4F7556}") = "01.Shapes", "01.Shapes\01.Shapes.csproj", "{E75EC476-1811-444A-8CD0-737939DE3A79}"
EndProject
Project("{FAE04EC0-301F-11D3-BF4B-00C04F79EFBC}") = "02.Cars", "02.Cars\02.Cars.csproj", "{ABF18FB2-4705-417E-8DAD-7E7A58ABEF89}"
EndProject
Global
	GlobalSection(SolutionConfigurationPlatforms) = preSolution
		Debug|Any CPU = Debug|Any CPU
		Release|Any CPU = Release|Any CPU
	EndGlobalSection
	GlobalSection(ProjectConfigurationPlatforms) = postSolution
		{E75EC476-1811-444A-8CD0-737939DE3A79}.Debug|Any CPU.ActiveCfg = Debug|Any CPU
		{E75EC476-1811-444A-8CD0-737939DE3A79}.Debug|Any CPU.Build.0 = Debug|Any CPU
		{E75EC476-1811-444A-8CD0-737939DE3A79}.Release|Any CPU.ActiveCfg = Release|Any CPU
		{E75EC476-1811-444A-8CD0-737939DE3A79}.Release|Any CPU.Build.0 = Release|Any CPU
		{ABF18FB2-4705-417E-8DAD-7E7A58ABEF89}.Debug|Any CPU.ActiveCfg = Debug|Any CPU
		{ABF18FB2-4705-417E-8DAD-7E7A58ABEF89}.Debug|Any CPU.Build.0 = Debug|Any CPU
		{ABF18FB2-4705-417E-8DAD-7E7A58ABEF89}.Release|Any CPU.ActiveCfg = Release|Any CPU
		{ABF18FB2-4705-417E-8DAD-7E7A58ABEF89}.Release|Any CPU.Build.0 = Release|Any CPU
	EndGlobalSection
	GlobalSection(SolutionProperties) = preSolution
		HideSolutionNode = FALSE
	EndGlobalSection
	GlobalSection(ExtensibilityGlobals) = postSolution
		SolutionGuid = {F29460BA-7221-4A3F-943C-F507FD3CC781}
	EndGlobalSection
EndGlobal
